
Microsoft Visual Studio Solution File, Format Version 12.00
# Visual Studio Version 17
VisualStudioVersion = 17.5.33516.290
MinimumVisualStudioVersion = 10.0.40219.1
Project("{FAE04EC0-301F-11D3-BF4B-00C04F79EFBC}") = "CaseStudy1", "CaseStudy1\CaseStudy1.csproj", "{5FF31A33-5500-4741-824B-34556AE75D14}"
EndProject
Global
	GlobalSection(SolutionConfigurationPlatforms) = preSolution
		Debug|Any CPU = Debug|Any CPU
		Release|Any CPU = Release|Any CPU
	EndGlobalSection
	GlobalSection(ProjectConfigurationPlatforms) = postSolution
		{5FF31A33-5500-4741-824B-34556AE75D14}.Debug|Any CPU.ActiveCfg = Debug|Any CPU
		{5FF31A33-5500-4741-824B-34556AE75D14}.Debug|Any CPU.Build.0 = Debug|Any CPU
		{5FF31A33-5500-4741-824B-34556AE75D14}.Release|Any CPU.ActiveCfg = Release|Any CPU
		{5FF31A33-5500-4741-824B-34556AE75D14}.Release|Any CPU.Build.0 = Release|Any CPU
	EndGlobalSection
	GlobalSection(SolutionProperties) = preSolution
		HideSolutionNode = FALSE
	EndGlobalSection
	GlobalSection(ExtensibilityGlobals) = postSolution
		SolutionGuid = {21CE6402-9DDB-482A-8104-E3EEE4B86FD8}
	EndGlobalSection
EndGlobal
